<?xml version="1.0" encoding="utf-8"?>
<Project ToolsVersion="4.0" xmlns="http://schemas.microsoft.com/developer/msbuild/2003">
  <ItemGroup>
    <Filter Include="Engine">
      <UniqueIdentifier>{bf7c972f-4826-4eb7-9875-beaa31992a0d}</UniqueIdentifier>
    </Filter>
    <Filter Include="Game">
      <UniqueIdentifier>{e2ea8811-5723-4ec6-88c5-e20e77c9ecd8}</UniqueIdentifier>
    </Filter>
  </ItemGroup>
  <ItemGroup>
    <ClCompile Include="main.cpp" />
    <ClCompile Include="Engine\Animation.cpp">
      <Filter>Engine</Filter>
    </ClCompile>
    <ClCompile Include="Engine\AudioManager.cpp">
      <Filter>Engine</Filter>
    </ClCompile>
    <ClCompile Include="Engine\Camera.cpp">
      <Filter>Engine</Filter>
    </ClCompile>
    <ClCompile Include="Engine\Collision.cpp">
      <Filter>Engine</Filter>
    </ClCompile>
    <ClCompile Include="Engine\Engine.cpp">
      <Filter>Engine</Filter>
    </ClCompile>
    <ClCompile Include="Engine\GameObject.cpp">
      <Filter>Engine</Filter>
    </ClCompile>
    <ClCompile Include="Engine\GameObjectManager.cpp">
      <Filter>Engine</Filter>
    </ClCompile>
    <ClCompile Include="Engine\GameStateManager.cpp">
      <Filter>Engine</Filter>
    </ClCompile>
    <ClCompile Include="Engine\Input.cpp">
      <Filter>Engine</Filter>
    </ClCompile>
    <ClCompile Include="Engine\logger.cpp">
      <Filter>Engine</Filter>
    </ClCompile>
    <ClCompile Include="Engine\Particle.cpp">
      <Filter>Engine</Filter>
    </ClCompile>
    <ClCompile Include="Engine\Render.cpp">
      <Filter>Engine</Filter>
    </ClCompile>
    <ClCompile Include="Engine\ShaderManager.cpp">
      <Filter>Engine</Filter>
    </ClCompile>
    <ClCompile Include="Engine\ShowCollision.cpp">
      <Filter>Engine</Filter>
    </ClCompile>
    <ClCompile Include="Engine\Sprite.cpp">
      <Filter>Engine</Filter>
    </ClCompile>
    <ClCompile Include="Engine\TextureManager.cpp">
      <Filter>Engine</Filter>
    </ClCompile>
    <ClCompile Include="Engine\Timer.cpp">
      <Filter>Engine</Filter>
    </ClCompile>
    <ClCompile Include="Game\Background.cpp">
      <Filter>Game</Filter>
    </ClCompile>
    <ClCompile Include="Game\BeatSystem.cpp">
      <Filter>Game</Filter>
    </ClCompile>
    <ClCompile Include="Game\Fish.cpp">
      <Filter>Game</Filter>
    </ClCompile>
    <ClCompile Include="Game\FishEcosystem.cpp">
      <Filter>Game</Filter>
    </ClCompile>
    <ClCompile Include="Game\Mode1.cpp">
      <Filter>Game</Filter>
    </ClCompile>
    <ClCompile Include="Game\Ship.cpp">
      <Filter>Game</Filter>
    </ClCompile>
    <ClCompile Include="Game\Splash.cpp">
      <Filter>Game</Filter>
    </ClCompile>
    <ClCompile Include="Game\Mode2.cpp">
      <Filter>Game</Filter>
    </ClCompile>
    <ClCompile Include="Game\Skill.cpp">
      <Filter>Game</Filter>
    </ClCompile>
    <ClCompile Include="Game\Mouse.cpp">
      <Filter>Game</Filter>
    </ClCompile>
    <ClCompile Include="Engine\MapManager.cpp">
      <Filter>Engine</Filter>
    </ClCompile>
    <ClCompile Include="Game\Boss.cpp">
      <Filter>Game</Filter>
    </ClCompile>
    <ClCompile Include="Engine\Rapidjson.cpp">
      <Filter>Engine</Filter>
    </ClCompile>
    <ClCompile Include="Engine\UI.cpp">
      <Filter>Engine</Filter>
    </ClCompile>
    <ClCompile Include="Game\GameObjectTypes.cpp">
      <Filter>Game</Filter>
    </ClCompile>
    <ClCompile Include="Engine\Font.cpp">
      <Filter>Engine</Filter>
    </ClCompile>
    <ClCompile Include="Engine\FontManager.cpp">
      <Filter>Engine</Filter>
    </ClCompile>
    <ClCompile Include="Game\AI.cpp">
      <Filter>Game</Filter>
    </ClCompile>
    <ClCompile Include="Game\GodRay.cpp">
      <Filter>Game</Filter>
    </ClCompile>
    <ClCompile Include="Game\ScreenWrap.cpp">
      <Filter>Game</Filter>
    </ClCompile>
    <ClCompile Include="Game\DialogBox.cpp">
      <Filter>Game</Filter>
    </ClCompile>
    <ClCompile Include="Game\Shop.cpp">
      <Filter>Game</Filter>
    </ClCompile>
    <ClCompile Include="Game\Rock.cpp">
      <Filter>Game</Filter>
    </ClCompile>
    <ClCompile Include="Game\RockGroup.cpp">
      <Filter>Game</Filter>
    </ClCompile>
    <ClCompile Include="Game\RockPoint.cpp">
      <Filter>Game</Filter>
    </ClCompile>
  </ItemGroup>
  <ItemGroup>
    <ClInclude Include="Engine\Animation.h">
      <Filter>Engine</Filter>
    </ClInclude>
    <ClInclude Include="Engine\AudioManager.h">
      <Filter>Engine</Filter>
    </ClInclude>
    <ClInclude Include="Engine\Camera.h">
      <Filter>Engine</Filter>
    </ClInclude>
    <ClInclude Include="Engine\Collision.h">
      <Filter>Engine</Filter>
    </ClInclude>
    <ClInclude Include="Engine\Component.h">
      <Filter>Engine</Filter>
    </ClInclude>
    <ClInclude Include="Engine\ComponentManager.h">
      <Filter>Engine</Filter>
    </ClInclude>
    <ClInclude Include="Engine\Engine.h">
      <Filter>Engine</Filter>
    </ClInclude>
    <ClInclude Include="Engine\GameObject.h">
      <Filter>Engine</Filter>
    </ClInclude>
    <ClInclude Include="Engine\GameObjectManager.h">
      <Filter>Engine</Filter>
    </ClInclude>
    <ClInclude Include="Engine\GameState.h">
      <Filter>Engine</Filter>
    </ClInclude>
    <ClInclude Include="Engine\GameStateManager.h">
      <Filter>Engine</Filter>
    </ClInclude>
    <ClInclude Include="Engine\Input.h">
      <Filter>Engine</Filter>
    </ClInclude>
    <ClInclude Include="Engine\logger.h">
      <Filter>Engine</Filter>
    </ClInclude>
    <ClInclude Include="Engine\Particle.h">
      <Filter>Engine</Filter>
    </ClInclude>
    <ClInclude Include="Engine\Rect.h">
      <Filter>Engine</Filter>
    </ClInclude>
    <ClInclude Include="Engine\Render.h">
      <Filter>Engine</Filter>
    </ClInclude>
    <ClInclude Include="Engine\ShaderManager.h">
      <Filter>Engine</Filter>
    </ClInclude>
    <ClInclude Include="Engine\ShowCollision.h">
      <Filter>Engine</Filter>
    </ClInclude>
    <ClInclude Include="Engine\Sprite.h">
      <Filter>Engine</Filter>
    </ClInclude>
    <ClInclude Include="Engine\TextureManager.h">
      <Filter>Engine</Filter>
    </ClInclude>
    <ClInclude Include="Engine\Timer.h">
      <Filter>Engine</Filter>
    </ClInclude>
    <ClInclude Include="Game\Background.h">
      <Filter>Game</Filter>
    </ClInclude>
    <ClInclude Include="Game\BeatSystem.h">
      <Filter>Game</Filter>
    </ClInclude>
    <ClInclude Include="Game\Fish.h">
      <Filter>Game</Filter>
    </ClInclude>
    <ClInclude Include="Game\FishEcosystem.h">
      <Filter>Game</Filter>
    </ClInclude>
    <ClInclude Include="Game\GameObjectTypes.h">
      <Filter>Game</Filter>
    </ClInclude>
    <ClInclude Include="Game\Mode1.h">
      <Filter>Game</Filter>
    </ClInclude>
    <ClInclude Include="Game\Ship.h">
      <Filter>Game</Filter>
    </ClInclude>
    <ClInclude Include="Game\Splash.h">
      <Filter>Game</Filter>
    </ClInclude>
    <ClInclude Include="Game\States.h">
      <Filter>Game</Filter>
    </ClInclude>
    <ClInclude Include="Game\BeatSystem.h">
      <Filter>Game</Filter>
    </ClInclude>
    <ClInclude Include="Game\Ship.h">
      <Filter>Game</Filter>
    </ClInclude>
    <ClInclude Include="Engine\AudioManager.h">
      <Filter>Engine</Filter>
    </ClInclude>
    <ClInclude Include="Game\Fish.h">
      <Filter>Game</Filter>
    </ClInclude>
    <ClInclude Include="Engine\Render.h">
      <Filter>Engine</Filter>
    </ClInclude>
    <ClInclude Include="Engine\ShaderManager.h">
      <Filter>Engine</Filter>
    </ClInclude>
    <ClInclude Include="Game\FishEcosystem.h">
      <Filter>Game</Filter>
    </ClInclude>
    <ClInclude Include="Game\Mode2.h">
      <Filter>Game</Filter>
    </ClInclude>
    <ClInclude Include="Game\Skill.h">
      <Filter>Game</Filter>
    </ClInclude>
    <ClInclude Include="Game\Particles.h">
      <Filter>Game</Filter>
    </ClInclude>
    <ClInclude Include="Game\Mouse.h">
      <Filter>Game</Filter>
    </ClInclude>
    <ClInclude Include="Engine\MapManager.h">
      <Filter>Engine</Filter>
    </ClInclude>
    <ClInclude Include="Engine\Polygon.h">
      <Filter>Engine</Filter>
    </ClInclude>
    <ClInclude Include="Engine\Rapidjson.h">
      <Filter>Engine</Filter>
    </ClInclude>
    <ClInclude Include="Game\Boss.h">
      <Filter>Game</Filter>
    </ClInclude>
    <ClInclude Include="Engine\UI.h">
      <Filter>Engine</Filter>
    </ClInclude>
    <ClInclude Include="Engine\UIManager.h">
      <Filter>Engine</Filter>
    </ClInclude>
    <ClInclude Include="Engine\DrawSetting.h">
      <Filter>Engine</Filter>
    </ClInclude>
    <ClInclude Include="Engine\Font.h">
      <Filter>Engine</Filter>
    </ClInclude>
    <ClInclude Include="Engine\FontManager.h">
      <Filter>Engine</Filter>
    </ClInclude>
    <ClInclude Include="Game\AI.h">
      <Filter>Game</Filter>
    </ClInclude>
    <ClInclude Include="Engine\AABB.h">
      <Filter>Engine</Filter>
    </ClInclude>
    <ClInclude Include="Game\GodRay.h">
      <Filter>Game</Filter>
    </ClInclude>
    <ClInclude Include="Game\ScreenWrap.h">
      <Filter>Game</Filter>
    </ClInclude>
    <ClInclude Include="Game\DialogBox.h">
      <Filter>Game</Filter>
    </ClInclude>
    <ClInclude Include="Game\Shop.h">
      <Filter>Game</Filter>
    </ClInclude>
    <ClInclude Include="Game\Effect.h">
      <Filter>Game</Filter>
    </ClInclude>
    <ClInclude Include="Game\Rock.h">
      <Filter>Game</Filter>
    </ClInclude>
    <ClInclude Include="Game\RockGroup.h">
      <Filter>Game</Filter>
    </ClInclude>
    <ClInclude Include="Game\RockPoint.h">
      <Filter>Game</Filter>
    </ClInclude>
  </ItemGroup>
</Project>